{
  "version": 4,
  "terraform_version": "1.2.6",
  "serial": 9,
  "lineage": "89fb4971-cae9-189c-79cf-884911f8ca9d",
  "outputs": {},
  "resources": [
    {
      "mode": "managed",
      "type": "google_artifact_registry_repository",
      "name": "this",
      "provider": "provider[\"registry.terraform.io/hashicorp/google\"]",
      "instances": [
        {
          "schema_version": 0,
          "attributes": {
            "create_time": "2022-08-09T15:26:36.632903Z",
            "description": "",
            "format": "DOCKER",
            "id": "projects/delta-daylight-357813/locations/us-central1/repositories/schauland-takehome-repo",
            "kms_key_name": "",
            "labels": {},
            "location": "us-central1",
            "maven_config": [],
            "name": "schauland-takehome-repo",
            "project": "delta-daylight-357813",
            "repository_id": "schauland-takehome-repo",
            "timeouts": null,
            "update_time": "2022-08-09T15:26:36.632903Z"
          },
          "sensitive_attributes": [],
          "private": "eyJlMmJmYjczMC1lY2FhLTExZTYtOGY4OC0zNDM2M2JjN2M0YzAiOnsiY3JlYXRlIjoxMjAwMDAwMDAwMDAwLCJkZWxldGUiOjEyMDAwMDAwMDAwMDAsInVwZGF0ZSI6MTIwMDAwMDAwMDAwMH19"
        }
      ]
    },
    {
      "mode": "managed",
      "type": "google_container_cluster",
      "name": "this",
      "provider": "provider[\"registry.terraform.io/hashicorp/google\"]",
      "instances": [
        {
          "schema_version": 1,
          "attributes": {
            "addons_config": [
              {
                "cloudrun_config": [],
                "dns_cache_config": [],
                "gce_persistent_disk_csi_driver_config": [
                  {
                    "enabled": true
                  }
                ],
                "gcp_filestore_csi_driver_config": [],
                "horizontal_pod_autoscaling": [],
                "http_load_balancing": [],
                "network_policy_config": [
                  {
                    "disabled": true
                  }
                ]
              }
            ],
            "authenticator_groups_config": [],
            "binary_authorization": [
              {
                "enabled": false,
                "evaluation_mode": ""
              }
            ],
            "cluster_autoscaling": [
              {
                "auto_provisioning_defaults": [],
                "enabled": false,
                "resource_limits": []
              }
            ],
            "cluster_ipv4_cidr": "10.0.0.0/14",
            "confidential_nodes": [],
            "database_encryption": [
              {
                "key_name": "",
                "state": "DECRYPTED"
              }
            ],
            "datapath_provider": "",
            "default_max_pods_per_node": null,
            "default_snat_status": [
              {
                "disabled": false
              }
            ],
            "description": "",
            "dns_config": [],
            "enable_autopilot": false,
            "enable_binary_authorization": false,
            "enable_intranode_visibility": false,
            "enable_kubernetes_alpha": false,
            "enable_legacy_abac": false,
            "enable_shielded_nodes": true,
            "enable_tpu": false,
            "endpoint": "146.148.102.79",
            "id": "projects/delta-daylight-357813/locations/us-central1-c/clusters/the-takehome-cluster",
            "initial_node_count": 3,
            "ip_allocation_policy": [],
            "label_fingerprint": "a9dc16a7",
            "location": "us-central1-c",
            "logging_config": [
              {
                "enable_components": [
                  "SYSTEM_COMPONENTS",
                  "WORKLOADS"
                ]
              }
            ],
            "logging_service": "logging.googleapis.com/kubernetes",
            "maintenance_policy": [],
            "master_auth": [
              {
                "client_certificate": "",
                "client_certificate_config": [
                  {
                    "issue_client_certificate": false
                  }
                ],
                "client_key": "",
                "cluster_ca_certificate": "LS0tLS1CRUdJTiBDRVJUSUZJQ0FURS0tLS0tCk1JSUVMVENDQXBXZ0F3SUJBZ0lSQUlKaUdnQlF0Zk8wUkphZ0V0Z1FGTjh3RFFZSktvWklodmNOQVFFTEJRQXcKTHpFdE1Dc0dBMVVFQXhNa05qRTVaV0U1WVdNdE1ERTNaUzAwTUdKakxUazRNbVl0TVRrMFl6Z3haV0ZqWTJZMwpNQ0FYRFRJeU1EZ3dPVEUwTVRNek9Wb1lEekl3TlRJd09EQXhNVFV4TXpNNVdqQXZNUzB3S3dZRFZRUURFeVEyCk1UbGxZVGxoWXkwd01UZGxMVFF3WW1NdE9UZ3laaTB4T1RSak9ERmxZV05qWmpjd2dnR2lNQTBHQ1NxR1NJYjMKRFFFQkFRVUFBNElCandBd2dnR0tBb0lCZ1FDeGt2R0NXZ1RZTzRFeFJxVFNNWjRuY0lRS0dkTkh4RlkzdUkvNQo2UXhkSStQK1djMzlkTjZXU2FuMm96WmpKZ08wL2ladGwxYUJDK0lwSVdIbWlDODFTcFZCZmFnYWZYUUlJdkZWCnRPYlVLMTJuK3ErZTJZYngxQ2djbm4vemZmNXJ5UGdDM2JXT09URWZPeU53OGFzVStxMDJwY1hVWkl6R3NwazIKZzh1YXRvMktxRXlPVDEzd2xpRE1GZ3BzOU53Y0Q2WmQxTU84ZmV1MFdWRjdsNGkzNW83NmtmVmJPMS9QUm45bwpWM3N4UzlyekRzamdqVDlIQ2NkMHRpclRsT0tQN2JjQXBqZExnSHRWcVh1dHV2bHNXYktYVVlsTlFSNG9uU2k0Ci90b0pyeWFzMkFSUFZQUHorY1dPUktmWEJQNWh5VVROSFJGblRQQ1I2WUVpSW5hdzhpbCtnazlyVFRPZFJ5UVUKNXpOWjIzMEFlWXl0S0lFYmdwckZQcFVnMUpROStuNkNlekIraEdHSTVBbElHY3IyTzd6Tk9VOFI1QWtHc3ZHYQpiZ1lrdVJqbkgvLzlpQThFQkdRYVpCdHpQQ3o1T2hPZk9tM2RwTDJ5amdKRmdnS1FudUJjd3djUlZlem4wOWZ5Ck9Tb1pjTTJkZ1U1NGdsems4VE1iNHcxU3o3a0NBd0VBQWFOQ01FQXdEZ1lEVlIwUEFRSC9CQVFEQWdJRU1BOEcKQTFVZEV3RUIvd1FGTUFNQkFmOHdIUVlEVlIwT0JCWUVGSEJXb1lKNlBjeHVDaDhxYWJtMHVWcFVSZVp6TUEwRwpDU3FHU0liM0RRRUJDd1VBQTRJQmdRQTFMbFk5Wkc0eGtUbFZDWTM0UHJSelNZK1NUcWNlK1ZzaFFYaDZ0MHZoCnhkcHdrT2FaZWt3OGgyY1JKWDRCNFFtVGlnV3ovbGNpQmhQbkdzSzhLUkdHZE5UaTZqM29oUlAvdkdYdlp0TVoKOVVhMWJPbmpOYnczNVEyYzFVTWtkS3ZuUWNKSmFFUUxiQVllOUNEZi93cmJqZ1Z4UHVVNGswZ0N4NWx6bnEvRgo3K3BBQTFNVStoOVFqYkhUT3h4emVBTCtUZGhYaWxIYkJuYVEweHgxTUsyUGFJV0F4LzVFMFRsb201NmFMRkdhClJCelE4TlNuaU9XcHNPajMyU3R6TGtSR0FwdTVDR2w4MHhMdnZDZFE1UWxaU2RlejdBaVQvZ0xKU01jY3BXdGwKRi9Ya3hHa3JETmphckZ3MzFMMXdVZThSVnZMYW9oUWxpbzFobE1wemtZcHFHU2IxSHVQdTd0cUpkUU8zVXRXVAo5L2FCYkFMTEQ0dWRRWmdTU3htMVJuR1VaMjcwRW40TFJ3cVpteUJzUDNkd05qY0taa3NQQ21qQUY4TkNUZUs5Cld5NUx5aDgrdXhlMTVwM2lIYnZsdTBGYUNEQjRrYmkrWHRnTTg2VGFRR05yOGRyQUx4d2lndnhaNmVEQmZiQVYKR3lGZ0hGek92N0d4Nmp1Vjk0NHFYUFk9Ci0tLS0tRU5EIENFUlRJRklDQVRFLS0tLS0K"
              }
            ],
            "master_authorized_networks_config": [],
            "master_version": "1.22.10-gke.600",
            "min_master_version": null,
            "monitoring_config": [
              {
                "enable_components": [
                  "SYSTEM_COMPONENTS"
                ]
              }
            ],
            "monitoring_service": "monitoring.googleapis.com/kubernetes",
            "name": "the-takehome-cluster",
            "network": "projects/delta-daylight-357813/global/networks/default",
            "network_policy": [
              {
                "enabled": false,
                "provider": "PROVIDER_UNSPECIFIED"
              }
            ],
            "networking_mode": "ROUTES",
            "node_config": [
              {
                "boot_disk_kms_key": "",
                "disk_size_gb": 100,
                "disk_type": "pd-standard",
                "gcfs_config": [],
                "guest_accelerator": [],
                "gvnic": [],
                "image_type": "COS_CONTAINERD",
                "labels": {
                  "name": "flexion-project"
                },
                "local_ssd_count": 0,
                "machine_type": "e2-medium",
                "metadata": {
                  "disable-legacy-endpoints": "true"
                },
                "min_cpu_platform": "",
                "node_group": "",
                "oauth_scopes": [
                  "https://www.googleapis.com/auth/cloud-platform"
                ],
                "preemptible": false,
                "service_account": "the-takehome-acct-12345@delta-daylight-357813.iam.gserviceaccount.com",
                "shielded_instance_config": [
                  {
                    "enable_integrity_monitoring": true,
                    "enable_secure_boot": false
                  }
                ],
                "spot": false,
                "tags": [
                  "felxion",
                  "take-home-project",
                  "schauland"
                ],
                "taint": [],
                "workload_metadata_config": []
              }
            ],
            "node_locations": [],
            "node_pool": [
              {
                "autoscaling": [],
                "initial_node_count": 3,
                "instance_group_urls": [
                  "https://www.googleapis.com/compute/v1/projects/delta-daylight-357813/zones/us-central1-c/instanceGroupManagers/gke-the-takehome-cluster-default-pool-358d66ca-grp"
                ],
                "managed_instance_group_urls": [
                  "https://www.googleapis.com/compute/v1/projects/delta-daylight-357813/zones/us-central1-c/instanceGroups/gke-the-takehome-cluster-default-pool-358d66ca-grp"
                ],
                "management": [
                  {
                    "auto_repair": true,
                    "auto_upgrade": true
                  }
                ],
                "max_pods_per_node": 0,
                "name": "default-pool",
                "name_prefix": "",
                "node_config": [
                  {
                    "boot_disk_kms_key": "",
                    "disk_size_gb": 100,
                    "disk_type": "pd-standard",
                    "gcfs_config": [],
                    "guest_accelerator": [],
                    "gvnic": [],
                    "image_type": "COS_CONTAINERD",
                    "labels": {
                      "name": "flexion-project"
                    },
                    "local_ssd_count": 0,
                    "machine_type": "e2-medium",
                    "metadata": {
                      "disable-legacy-endpoints": "true"
                    },
                    "min_cpu_platform": "",
                    "node_group": "",
                    "oauth_scopes": [
                      "https://www.googleapis.com/auth/cloud-platform"
                    ],
                    "preemptible": false,
                    "service_account": "the-takehome-acct-12345@delta-daylight-357813.iam.gserviceaccount.com",
                    "shielded_instance_config": [
                      {
                        "enable_integrity_monitoring": true,
                        "enable_secure_boot": false
                      }
                    ],
                    "spot": false,
                    "tags": [
                      "felxion",
                      "take-home-project",
                      "schauland"
                    ],
                    "taint": [],
                    "workload_metadata_config": []
                  }
                ],
                "node_count": 3,
                "node_locations": [
                  "us-central1-c"
                ],
                "upgrade_settings": [
                  {
                    "max_surge": 1,
                    "max_unavailable": 0
                  }
                ],
                "version": "1.22.10-gke.600"
              }
            ],
            "node_version": "1.22.10-gke.600",
            "notification_config": [
              {
                "pubsub": [
                  {
                    "enabled": false,
                    "topic": ""
                  }
                ]
              }
            ],
            "operation": null,
            "private_cluster_config": [],
            "private_ipv6_google_access": "",
            "project": "delta-daylight-357813",
            "release_channel": [
              {
                "channel": "REGULAR"
              }
            ],
            "remove_default_node_pool": null,
            "resource_labels": {},
            "resource_usage_export_config": [],
            "self_link": "https://container.googleapis.com/v1/projects/delta-daylight-357813/zones/us-central1-c/clusters/the-takehome-cluster",
            "services_ipv4_cidr": "10.3.240.0/20",
            "subnetwork": "projects/delta-daylight-357813/regions/us-central1/subnetworks/default",
            "timeouts": {
              "create": "20m",
              "delete": null,
              "read": null,
              "update": "30m"
            },
            "tpu_ipv4_cidr_block": "",
            "vertical_pod_autoscaling": [],
            "workload_identity_config": []
          },
          "sensitive_attributes": [],
          "private": "eyJlMmJmYjczMC1lY2FhLTExZTYtOGY4OC0zNDM2M2JjN2M0YzAiOnsiY3JlYXRlIjoxMjAwMDAwMDAwMDAwLCJkZWxldGUiOjI0MDAwMDAwMDAwMDAsInJlYWQiOjI0MDAwMDAwMDAwMDAsInVwZGF0ZSI6MTgwMDAwMDAwMDAwMH0sInNjaGVtYV92ZXJzaW9uIjoiMSJ9",
          "dependencies": [
            "google_service_account.this"
          ]
        }
      ]
    },
    {
      "mode": "managed",
      "type": "google_service_account",
      "name": "this",
      "provider": "provider[\"registry.terraform.io/hashicorp/google\"]",
      "instances": [
        {
          "schema_version": 0,
          "attributes": {
            "account_id": "the-takehome-acct-12345",
            "description": "",
            "disabled": false,
            "display_name": "Service Account",
            "email": "the-takehome-acct-12345@delta-daylight-357813.iam.gserviceaccount.com",
            "id": "projects/delta-daylight-357813/serviceAccounts/the-takehome-acct-12345@delta-daylight-357813.iam.gserviceaccount.com",
            "name": "projects/delta-daylight-357813/serviceAccounts/the-takehome-acct-12345@delta-daylight-357813.iam.gserviceaccount.com",
            "project": "delta-daylight-357813",
            "timeouts": null,
            "unique_id": "112889508463198150861"
          },
          "sensitive_attributes": [],
          "private": "eyJlMmJmYjczMC1lY2FhLTExZTYtOGY4OC0zNDM2M2JjN2M0YzAiOnsiY3JlYXRlIjozMDAwMDAwMDAwMDB9fQ=="
        }
      ]
    }
  ]
}
